
Microsoft Visual Studio Solution File, Format Version 12.00
# Visual Studio Version 17
VisualStudioVersion = 17.8.34511.84
MinimumVisualStudioVersion = 10.0.40219.1
Project("{9A19103F-16F7-4668-BE54-9A1E7A4F7556}") = "SportsClub.App", "SportsClub.App\SportsClub.App.csproj", "{0DD1A44E-591B-45AD-A8E2-64B7EDBD8BB5}"
EndProject
Project("{9A19103F-16F7-4668-BE54-9A1E7A4F7556}") = "SportsClub.API", "SportsClub.API\SportsClub.API.csproj", "{C859F448-BB53-48F6-B3AC-E8A88DB18B8E}"
EndProject
Project("{9A19103F-16F7-4668-BE54-9A1E7A4F7556}") = "SportsClub.SharedModels", "SportsClub.SharedModels\SportsClub.SharedModels.csproj", "{5E2389C8-EA68-41A2-967D-E7846F0C5B1C}"
EndProject
Global
	GlobalSection(SolutionConfigurationPlatforms) = preSolution
		Debug|Any CPU = Debug|Any CPU
		Release|Any CPU = Release|Any CPU
	EndGlobalSection
	GlobalSection(ProjectConfigurationPlatforms) = postSolution
		{0DD1A44E-591B-45AD-A8E2-64B7EDBD8BB5}.Debug|Any CPU.ActiveCfg = Debug|Any CPU
		{0DD1A44E-591B-45AD-A8E2-64B7EDBD8BB5}.Debug|Any CPU.Build.0 = Debug|Any CPU
		{0DD1A44E-591B-45AD-A8E2-64B7EDBD8BB5}.Release|Any CPU.ActiveCfg = Release|Any CPU
		{0DD1A44E-591B-45AD-A8E2-64B7EDBD8BB5}.Release|Any CPU.Build.0 = Release|Any CPU
		{C859F448-BB53-48F6-B3AC-E8A88DB18B8E}.Debug|Any CPU.ActiveCfg = Debug|Any CPU
		{C859F448-BB53-48F6-B3AC-E8A88DB18B8E}.Debug|Any CPU.Build.0 = Debug|Any CPU
		{C859F448-BB53-48F6-B3AC-E8A88DB18B8E}.Release|Any CPU.ActiveCfg = Release|Any CPU
		{C859F448-BB53-48F6-B3AC-E8A88DB18B8E}.Release|Any CPU.Build.0 = Release|Any CPU
		{5E2389C8-EA68-41A2-967D-E7846F0C5B1C}.Debug|Any CPU.ActiveCfg = Debug|Any CPU
		{5E2389C8-EA68-41A2-967D-E7846F0C5B1C}.Debug|Any CPU.Build.0 = Debug|Any CPU
		{5E2389C8-EA68-41A2-967D-E7846F0C5B1C}.Release|Any CPU.ActiveCfg = Release|Any CPU
		{5E2389C8-EA68-41A2-967D-E7846F0C5B1C}.Release|Any CPU.Build.0 = Release|Any CPU
	EndGlobalSection
	GlobalSection(SolutionProperties) = preSolution
		HideSolutionNode = FALSE
	EndGlobalSection
	GlobalSection(ExtensibilityGlobals) = postSolution
		SolutionGuid = {5E658C27-1DD6-4B0B-9D86-F3C944D48610}
	EndGlobalSection
EndGlobal
